{
  "version": 4,
  "terraform_version": "1.1.8",
  "serial": 119,
  "lineage": "b50dd559-99ce-545d-93e0-db3608af7fb7",
  "outputs": {},
  "resources": [
    {
      "mode": "data",
      "type": "local_file",
      "name": "auth0-page-template",
      "provider": "provider[\"registry.terraform.io/hashicorp/local\"]",
      "instances": [
        {
          "schema_version": 0,
          "attributes": {
            "content": "\u003c!DOCTYPE html\u003e\u003chtml lang=\"{{locale}}\"\u003e\n  \u003chead\u003e\n    {%- auth0:head -%}\n    \u003cstyle\u003e\n        {% if application.name == \"Moon App\" %}\n          body {\n            background-image: url(\"http://localhost:3000/img/moon-landscape.jpg\");\n            background-size:     cover;\n            background-repeat:   no-repeat;\n            background-position: center center;\n          }\n        {% elsif application.name == \"Mars App\" %}\n          body {\n            background-image: url(\"http://localhost:3001/img/mars-landscape.png\");\n            background-size:     cover;\n            background-repeat:   no-repeat;\n            background-position: center center;\n          }\n        {% endif %}\n    \u003c/style\u003e\n     \u003ctitle\u003e{{ prompt.screen.texts.pageTitle }}\u003c/title\u003e\n  \u003c/head\u003e\n  \u003cbody class=\"_widget-auto-layout\"\u003e\n    {%- auth0:widget -%}\n  \u003c/body\u003e\n  \n  \u003cscript\u003e\n    {% if application.name == \"Moon App\" %}\n      document.getElementById(\"prompt-logo-center\").src=\"http://localhost:3000/img/moon-logo.png\";\n      document.querySelector(\"._widget button[type='submit']\").style.background=\"#fde68a\";\n    {% elsif application.name == \"Mars App\" %}\n      document.getElementById(\"prompt-logo-center\").src=\"http://localhost:3001/img/mars-logo.png\";\n      document.querySelector(\"._widget button[type='submit']\").style.background=\"#2563eb\";\n    {% endif %}\n  \u003c/script\u003e\n\n  \u003c/html\u003e",
            "content_base64": "PCFET0NUWVBFIGh0bWw+PGh0bWwgbGFuZz0ie3tsb2NhbGV9fSI+CiAgPGhlYWQ+CiAgICB7JS0gYXV0aDA6aGVhZCAtJX0KICAgIDxzdHlsZT4KICAgICAgICB7JSBpZiBhcHBsaWNhdGlvbi5uYW1lID09ICJNb29uIEFwcCIgJX0KICAgICAgICAgIGJvZHkgewogICAgICAgICAgICBiYWNrZ3JvdW5kLWltYWdlOiB1cmwoImh0dHA6Ly9sb2NhbGhvc3Q6MzAwMC9pbWcvbW9vbi1sYW5kc2NhcGUuanBnIik7CiAgICAgICAgICAgIGJhY2tncm91bmQtc2l6ZTogICAgIGNvdmVyOwogICAgICAgICAgICBiYWNrZ3JvdW5kLXJlcGVhdDogICBuby1yZXBlYXQ7CiAgICAgICAgICAgIGJhY2tncm91bmQtcG9zaXRpb246IGNlbnRlciBjZW50ZXI7CiAgICAgICAgICB9CiAgICAgICAgeyUgZWxzaWYgYXBwbGljYXRpb24ubmFtZSA9PSAiTWFycyBBcHAiICV9CiAgICAgICAgICBib2R5IHsKICAgICAgICAgICAgYmFja2dyb3VuZC1pbWFnZTogdXJsKCJodHRwOi8vbG9jYWxob3N0OjMwMDEvaW1nL21hcnMtbGFuZHNjYXBlLnBuZyIpOwogICAgICAgICAgICBiYWNrZ3JvdW5kLXNpemU6ICAgICBjb3ZlcjsKICAgICAgICAgICAgYmFja2dyb3VuZC1yZXBlYXQ6ICAgbm8tcmVwZWF0OwogICAgICAgICAgICBiYWNrZ3JvdW5kLXBvc2l0aW9uOiBjZW50ZXIgY2VudGVyOwogICAgICAgICAgfQogICAgICAgIHslIGVuZGlmICV9CiAgICA8L3N0eWxlPgogICAgIDx0aXRsZT57eyBwcm9tcHQuc2NyZWVuLnRleHRzLnBhZ2VUaXRsZSB9fTwvdGl0bGU+CiAgPC9oZWFkPgogIDxib2R5IGNsYXNzPSJfd2lkZ2V0LWF1dG8tbGF5b3V0Ij4KICAgIHslLSBhdXRoMDp3aWRnZXQgLSV9CiAgPC9ib2R5PgogIAogIDxzY3JpcHQ+CiAgICB7JSBpZiBhcHBsaWNhdGlvbi5uYW1lID09ICJNb29uIEFwcCIgJX0KICAgICAgZG9jdW1lbnQuZ2V0RWxlbWVudEJ5SWQoInByb21wdC1sb2dvLWNlbnRlciIpLnNyYz0iaHR0cDovL2xvY2FsaG9zdDozMDAwL2ltZy9tb29uLWxvZ28ucG5nIjsKICAgICAgZG9jdW1lbnQucXVlcnlTZWxlY3RvcigiLl93aWRnZXQgYnV0dG9uW3R5cGU9J3N1Ym1pdCddIikuc3R5bGUuYmFja2dyb3VuZD0iI2ZkZTY4YSI7CiAgICB7JSBlbHNpZiBhcHBsaWNhdGlvbi5uYW1lID09ICJNYXJzIEFwcCIgJX0KICAgICAgZG9jdW1lbnQuZ2V0RWxlbWVudEJ5SWQoInByb21wdC1sb2dvLWNlbnRlciIpLnNyYz0iaHR0cDovL2xvY2FsaG9zdDozMDAxL2ltZy9tYXJzLWxvZ28ucG5nIjsKICAgICAgZG9jdW1lbnQucXVlcnlTZWxlY3RvcigiLl93aWRnZXQgYnV0dG9uW3R5cGU9J3N1Ym1pdCddIikuc3R5bGUuYmFja2dyb3VuZD0iIzI1NjNlYiI7CiAgICB7JSBlbmRpZiAlfQogIDwvc2NyaXB0PgoKICA8L2h0bWw+",
            "filename": "./auth0-page-template.liquid",
            "id": "abdfb4e667ad292986c1cbc40bb298ec033564c3"
          },
          "sensitive_attributes": []
        }
      ]
    },
    {
      "mode": "managed",
      "type": "auth0_branding",
      "name": "custom-branding",
      "provider": "provider[\"registry.terraform.io/auth0/auth0\"]",
      "instances": [
        {
          "schema_version": 0,
          "attributes": {
            "colors": [
              {
                "page_background": "#000000",
                "primary": "#0059d6"
              }
            ],
            "favicon_url": "",
            "font": [],
            "id": "terraform-20220414220144076700000001",
            "logo_url": "https://mycompany.org/logo.png",
            "universal_login": [
              {
                "body": "\u003c!DOCTYPE html\u003e\u003chtml lang=\"{{locale}}\"\u003e\n  \u003chead\u003e\n    {%- auth0:head -%}\n    \u003cstyle\u003e\n        {% if application.name == \"Moon App\" %}\n          body {\n            background-image: url(\"http://localhost:3000/img/moon-landscape.jpg\");\n            background-size:     cover;\n            background-repeat:   no-repeat;\n            background-position: center center;\n          }\n        {% elsif application.name == \"Mars App\" %}\n          body {\n            background-image: url(\"http://localhost:3001/img/mars-landscape.png\");\n            background-size:     cover;\n            background-repeat:   no-repeat;\n            background-position: center center;\n          }\n        {% endif %}\n    \u003c/style\u003e\n     \u003ctitle\u003e{{ prompt.screen.texts.pageTitle }}\u003c/title\u003e\n  \u003c/head\u003e\n  \u003cbody class=\"_widget-auto-layout\"\u003e\n    {%- auth0:widget -%}\n  \u003c/body\u003e\n  \n  \u003cscript\u003e\n    {% if application.name == \"Moon App\" %}\n      document.getElementById(\"prompt-logo-center\").src=\"http://localhost:3000/img/moon-logo.png\";\n      document.querySelector(\"._widget button[type='submit']\").style.background=\"#fde68a\";\n    {% elsif application.name == \"Mars App\" %}\n      document.getElementById(\"prompt-logo-center\").src=\"http://localhost:3001/img/mars-logo.png\";\n      document.querySelector(\"._widget button[type='submit']\").style.background=\"#2563eb\";\n    {% endif %}\n  \u003c/script\u003e\n\n  \u003c/html\u003e"
              }
            ]
          },
          "sensitive_attributes": [],
          "private": "bnVsbA==",
          "dependencies": [
            "data.local_file.auth0-page-template"
          ]
        }
      ]
    },
    {
      "mode": "managed",
      "type": "auth0_client",
      "name": "mars-app",
      "provider": "provider[\"registry.terraform.io/auth0/auth0\"]",
      "instances": [
        {
          "schema_version": 0,
          "attributes": {
            "addons": [],
            "allowed_clients": [],
            "allowed_logout_urls": [
              "http://localhost:3001/"
            ],
            "allowed_origins": [],
            "app_type": "regular_web",
            "callbacks": [
              "http://localhost:3001/api/auth/callback"
            ],
            "client_id": "TOaqZCEydTFiJnKy3y76acs1Rbt9tp14",
            "client_metadata": {},
            "client_secret": "6OICwqTwDlZYNT99DbloA__Rl04dpOsx80mZe3QLn4t-oqKTtttaKZsmFf9qpw1q",
            "client_secret_rotation_trigger": null,
            "cross_origin_auth": false,
            "cross_origin_loc": "",
            "custom_login_page": "",
            "custom_login_page_on": true,
            "description": "App with Mars-style branding",
            "encryption_key": {},
            "form_template": "",
            "grant_types": [
              "authorization_code",
              "implicit",
              "refresh_token",
              "client_credentials"
            ],
            "id": "TOaqZCEydTFiJnKy3y76acs1Rbt9tp14",
            "initiate_login_uri": "",
            "is_first_party": true,
            "is_token_endpoint_ip_header_trusted": false,
            "jwt_configuration": [
              {
                "alg": "RS256",
                "lifetime_in_seconds": 0,
                "scopes": {},
                "secret_encoded": false
              }
            ],
            "logo_uri": "",
            "mobile": [],
            "name": "Mars App",
            "native_social_login": [],
            "oidc_conformant": true,
            "organization_require_behavior": "",
            "organization_usage": "",
            "refresh_token": [
              {
                "expiration_type": "non-expiring",
                "idle_token_lifetime": 1296000,
                "infinite_idle_token_lifetime": true,
                "infinite_token_lifetime": true,
                "leeway": 0,
                "rotation_type": "non-rotating",
                "token_lifetime": 2592000
              }
            ],
            "signing_keys": [
              {
                "cert": "-----BEGIN CERTIFICATE-----\r\nMIIDETCCAfmgAwIBAgIJVXwcIbpHux0EMA0GCSqGSIb3DQEBCwUAMCYxJDAiBgNV\r\nBAMTG3R5bGVybml4LXN0YXJ0LnVzLmF1dGgwLmNvbTAeFw0yMjAzMTgxNTA0MTFa\r\nFw0zNTExMjUxNTA0MTFaMCYxJDAiBgNVBAMTG3R5bGVybml4LXN0YXJ0LnVzLmF1\r\ndGgwLmNvbTCCASIwDQYJKoZIhvcNAQEBBQADggEPADCCAQoCggEBAJMnmr+KtB+/\r\neF7Kebv1NLlYVFzYwkD+/mz9pnOx/vGg7Lx6evPUn4Z35CBr2Q0X5+C1Nat23DQS\r\nnBYHZGrK41+va3nDQruvvvtVymJvb6Rm5OM/UN0lim5q2TgZoLyCVHBN5VRPHUWe\r\n7ZyfmbkQqu27/gK8VCwjUGFGFbnaWIstAwQOryT8AC9Cj8nmYK+x/UQ06NH5jfR1\r\n0pYm0dAo02L7nf/cZbKZsGXpLcuYsTmiXz1VKOYdTf1oxER5GoqbpmASxng2c+JF\r\nrlxpdDLD4mU/8mz0tZgOn7CJjGpuKd6KfdKGu3u4OOzAN/1fDYtZ/m8iAmbdjTZW\r\nxJUBfY25A8sCAwEAAaNCMEAwDwYDVR0TAQH/BAUwAwEB/zAdBgNVHQ4EFgQUOInt\r\npTLxBLgu8RBkR0baHFxURR8wDgYDVR0PAQH/BAQDAgKEMA0GCSqGSIb3DQEBCwUA\r\nA4IBAQAuvg8R/VWy9MFNF0BP2pYEsSJUytfDpoCBDDclKhV66E2JTeyGSp27fg18\r\n0uXo2Cn9jctA4SOeYN844R0uornVUep6MEbMOhiso2RVtC6xi2RZm650RdGYyEJj\r\nuM28kAVXyXnHUm121SxXQmacGG3el9g/hHw9h3Pf4akqoN89tGSrJnjXMg9mFdsT\r\n7CqVJeNh/BGYhNOKMN4goa3S7Ha3EQ+bkzMmUQU8VWAqWuoonXGe8KeVNyPTi7ve\r\nHo2e21DU0NMMdm0GiUQtmqHLmAVzu/0mfY7TBumaktq1e2vvq5HkcMi+BeIYJ5Oh\r\nUiicAmSRn4Idv46D8OfjcJT1fX8a\r\n-----END CERTIFICATE-----",
                "pkcs7": "-----BEGIN PKCS7-----\r\nMIIDQAYJKoZIhvcNAQcCoIIDMTCCAy0CAQExADALBgkqhkiG9w0BBwGgggMVMIID\r\nETCCAfmgAwIBAgIJVXwcIbpHux0EMA0GCSqGSIb3DQEBCwUAMCYxJDAiBgNVBAMT\r\nG3R5bGVybml4LXN0YXJ0LnVzLmF1dGgwLmNvbTAeFw0yMjAzMTgxNTA0MTFaFw0z\r\nNTExMjUxNTA0MTFaMCYxJDAiBgNVBAMTG3R5bGVybml4LXN0YXJ0LnVzLmF1dGgw\r\nLmNvbTCCASIwDQYJKoZIhvcNAQEBBQADggEPADCCAQoCggEBAJMnmr+KtB+/eF7K\r\nebv1NLlYVFzYwkD+/mz9pnOx/vGg7Lx6evPUn4Z35CBr2Q0X5+C1Nat23DQSnBYH\r\nZGrK41+va3nDQruvvvtVymJvb6Rm5OM/UN0lim5q2TgZoLyCVHBN5VRPHUWe7Zyf\r\nmbkQqu27/gK8VCwjUGFGFbnaWIstAwQOryT8AC9Cj8nmYK+x/UQ06NH5jfR10pYm\r\n0dAo02L7nf/cZbKZsGXpLcuYsTmiXz1VKOYdTf1oxER5GoqbpmASxng2c+JFrlxp\r\ndDLD4mU/8mz0tZgOn7CJjGpuKd6KfdKGu3u4OOzAN/1fDYtZ/m8iAmbdjTZWxJUB\r\nfY25A8sCAwEAAaNCMEAwDwYDVR0TAQH/BAUwAwEB/zAdBgNVHQ4EFgQUOIntpTLx\r\nBLgu8RBkR0baHFxURR8wDgYDVR0PAQH/BAQDAgKEMA0GCSqGSIb3DQEBCwUAA4IB\r\nAQAuvg8R/VWy9MFNF0BP2pYEsSJUytfDpoCBDDclKhV66E2JTeyGSp27fg180uXo\r\n2Cn9jctA4SOeYN844R0uornVUep6MEbMOhiso2RVtC6xi2RZm650RdGYyEJjuM28\r\nkAVXyXnHUm121SxXQmacGG3el9g/hHw9h3Pf4akqoN89tGSrJnjXMg9mFdsT7CqV\r\nJeNh/BGYhNOKMN4goa3S7Ha3EQ+bkzMmUQU8VWAqWuoonXGe8KeVNyPTi7veHo2e\r\n21DU0NMMdm0GiUQtmqHLmAVzu/0mfY7TBumaktq1e2vvq5HkcMi+BeIYJ5OhUiic\r\nAmSRn4Idv46D8OfjcJT1fX8aMQA=\r\n-----END PKCS7-----\r\n",
                "subject": "deprecated"
              }
            ],
            "sso": false,
            "sso_disabled": false,
            "token_endpoint_auth_method": "",
            "web_origins": []
          },
          "sensitive_attributes": [],
          "private": "bnVsbA=="
        }
      ]
    },
    {
      "mode": "managed",
      "type": "auth0_client",
      "name": "moon-app",
      "provider": "provider[\"registry.terraform.io/auth0/auth0\"]",
      "instances": [
        {
          "schema_version": 0,
          "attributes": {
            "addons": [],
            "allowed_clients": [],
            "allowed_logout_urls": [
              "http://localhost:3000/"
            ],
            "allowed_origins": [],
            "app_type": "regular_web",
            "callbacks": [
              "http://localhost:3000/api/auth/callback"
            ],
            "client_id": "JQW5EVFSolxhxBlFNvZiVANL7Gi3JxQq",
            "client_metadata": {},
            "client_secret": "9GtrUB24anblA0fD08FTOo-ae5WLtuxVTHbqOatqkXv3uTetqQV4HgNFK2rrF9UB",
            "client_secret_rotation_trigger": null,
            "cross_origin_auth": false,
            "cross_origin_loc": "",
            "custom_login_page": "",
            "custom_login_page_on": true,
            "description": "App with Moon-style branding",
            "encryption_key": {},
            "form_template": "",
            "grant_types": [
              "authorization_code",
              "implicit",
              "refresh_token",
              "client_credentials"
            ],
            "id": "JQW5EVFSolxhxBlFNvZiVANL7Gi3JxQq",
            "initiate_login_uri": "",
            "is_first_party": true,
            "is_token_endpoint_ip_header_trusted": false,
            "jwt_configuration": [
              {
                "alg": "RS256",
                "lifetime_in_seconds": 0,
                "scopes": {},
                "secret_encoded": false
              }
            ],
            "logo_uri": "",
            "mobile": [],
            "name": "Moon App",
            "native_social_login": [],
            "oidc_conformant": true,
            "organization_require_behavior": "",
            "organization_usage": "",
            "refresh_token": [
              {
                "expiration_type": "non-expiring",
                "idle_token_lifetime": 1296000,
                "infinite_idle_token_lifetime": true,
                "infinite_token_lifetime": true,
                "leeway": 0,
                "rotation_type": "non-rotating",
                "token_lifetime": 2592000
              }
            ],
            "signing_keys": [
              {
                "cert": "-----BEGIN CERTIFICATE-----\r\nMIIDETCCAfmgAwIBAgIJVXwcIbpHux0EMA0GCSqGSIb3DQEBCwUAMCYxJDAiBgNV\r\nBAMTG3R5bGVybml4LXN0YXJ0LnVzLmF1dGgwLmNvbTAeFw0yMjAzMTgxNTA0MTFa\r\nFw0zNTExMjUxNTA0MTFaMCYxJDAiBgNVBAMTG3R5bGVybml4LXN0YXJ0LnVzLmF1\r\ndGgwLmNvbTCCASIwDQYJKoZIhvcNAQEBBQADggEPADCCAQoCggEBAJMnmr+KtB+/\r\neF7Kebv1NLlYVFzYwkD+/mz9pnOx/vGg7Lx6evPUn4Z35CBr2Q0X5+C1Nat23DQS\r\nnBYHZGrK41+va3nDQruvvvtVymJvb6Rm5OM/UN0lim5q2TgZoLyCVHBN5VRPHUWe\r\n7ZyfmbkQqu27/gK8VCwjUGFGFbnaWIstAwQOryT8AC9Cj8nmYK+x/UQ06NH5jfR1\r\n0pYm0dAo02L7nf/cZbKZsGXpLcuYsTmiXz1VKOYdTf1oxER5GoqbpmASxng2c+JF\r\nrlxpdDLD4mU/8mz0tZgOn7CJjGpuKd6KfdKGu3u4OOzAN/1fDYtZ/m8iAmbdjTZW\r\nxJUBfY25A8sCAwEAAaNCMEAwDwYDVR0TAQH/BAUwAwEB/zAdBgNVHQ4EFgQUOInt\r\npTLxBLgu8RBkR0baHFxURR8wDgYDVR0PAQH/BAQDAgKEMA0GCSqGSIb3DQEBCwUA\r\nA4IBAQAuvg8R/VWy9MFNF0BP2pYEsSJUytfDpoCBDDclKhV66E2JTeyGSp27fg18\r\n0uXo2Cn9jctA4SOeYN844R0uornVUep6MEbMOhiso2RVtC6xi2RZm650RdGYyEJj\r\nuM28kAVXyXnHUm121SxXQmacGG3el9g/hHw9h3Pf4akqoN89tGSrJnjXMg9mFdsT\r\n7CqVJeNh/BGYhNOKMN4goa3S7Ha3EQ+bkzMmUQU8VWAqWuoonXGe8KeVNyPTi7ve\r\nHo2e21DU0NMMdm0GiUQtmqHLmAVzu/0mfY7TBumaktq1e2vvq5HkcMi+BeIYJ5Oh\r\nUiicAmSRn4Idv46D8OfjcJT1fX8a\r\n-----END CERTIFICATE-----",
                "pkcs7": "-----BEGIN PKCS7-----\r\nMIIDQAYJKoZIhvcNAQcCoIIDMTCCAy0CAQExADALBgkqhkiG9w0BBwGgggMVMIID\r\nETCCAfmgAwIBAgIJVXwcIbpHux0EMA0GCSqGSIb3DQEBCwUAMCYxJDAiBgNVBAMT\r\nG3R5bGVybml4LXN0YXJ0LnVzLmF1dGgwLmNvbTAeFw0yMjAzMTgxNTA0MTFaFw0z\r\nNTExMjUxNTA0MTFaMCYxJDAiBgNVBAMTG3R5bGVybml4LXN0YXJ0LnVzLmF1dGgw\r\nLmNvbTCCASIwDQYJKoZIhvcNAQEBBQADggEPADCCAQoCggEBAJMnmr+KtB+/eF7K\r\nebv1NLlYVFzYwkD+/mz9pnOx/vGg7Lx6evPUn4Z35CBr2Q0X5+C1Nat23DQSnBYH\r\nZGrK41+va3nDQruvvvtVymJvb6Rm5OM/UN0lim5q2TgZoLyCVHBN5VRPHUWe7Zyf\r\nmbkQqu27/gK8VCwjUGFGFbnaWIstAwQOryT8AC9Cj8nmYK+x/UQ06NH5jfR10pYm\r\n0dAo02L7nf/cZbKZsGXpLcuYsTmiXz1VKOYdTf1oxER5GoqbpmASxng2c+JFrlxp\r\ndDLD4mU/8mz0tZgOn7CJjGpuKd6KfdKGu3u4OOzAN/1fDYtZ/m8iAmbdjTZWxJUB\r\nfY25A8sCAwEAAaNCMEAwDwYDVR0TAQH/BAUwAwEB/zAdBgNVHQ4EFgQUOIntpTLx\r\nBLgu8RBkR0baHFxURR8wDgYDVR0PAQH/BAQDAgKEMA0GCSqGSIb3DQEBCwUAA4IB\r\nAQAuvg8R/VWy9MFNF0BP2pYEsSJUytfDpoCBDDclKhV66E2JTeyGSp27fg180uXo\r\n2Cn9jctA4SOeYN844R0uornVUep6MEbMOhiso2RVtC6xi2RZm650RdGYyEJjuM28\r\nkAVXyXnHUm121SxXQmacGG3el9g/hHw9h3Pf4akqoN89tGSrJnjXMg9mFdsT7CqV\r\nJeNh/BGYhNOKMN4goa3S7Ha3EQ+bkzMmUQU8VWAqWuoonXGe8KeVNyPTi7veHo2e\r\n21DU0NMMdm0GiUQtmqHLmAVzu/0mfY7TBumaktq1e2vvq5HkcMi+BeIYJ5OhUiic\r\nAmSRn4Idv46D8OfjcJT1fX8aMQA=\r\n-----END PKCS7-----\r\n",
                "subject": "deprecated"
              }
            ],
            "sso": false,
            "sso_disabled": false,
            "token_endpoint_auth_method": "",
            "web_origins": []
          },
          "sensitive_attributes": [],
          "private": "bnVsbA=="
        }
      ]
    },
    {
      "mode": "managed",
      "type": "auth0_connection",
      "name": "custom-branding-user-db",
      "provider": "provider[\"registry.terraform.io/auth0/auth0\"]",
      "instances": [
        {
          "schema_version": 2,
          "attributes": {
            "display_name": "",
            "enabled_clients": [
              "JQW5EVFSolxhxBlFNvZiVANL7Gi3JxQq",
              "TOaqZCEydTFiJnKy3y76acs1Rbt9tp14"
            ],
            "id": "con_5j0V6rLr0tK42TmM",
            "is_domain_connection": false,
            "name": "custom-branding-user-db",
            "options": [
              {
                "adfs_server": "",
                "allowed_audiences": [],
                "api_enable_users": false,
                "app_domain": "",
                "app_id": "",
                "authorization_endpoint": "",
                "brute_force_protection": false,
                "client_id": "",
                "client_secret": "",
                "community_base_url": "",
                "configuration": {},
                "custom_scripts": {},
                "debug": false,
                "digest_algorithm": "",
                "disable_cache": false,
                "disable_signup": false,
                "discovery_url": "",
                "domain": "",
                "domain_aliases": [],
                "enabled_database_customization": false,
                "entity_id": "",
                "fields_map": {},
                "forward_request_info": false,
                "from": "",
                "gateway_authentication": [],
                "gateway_url": "",
                "icon_url": "",
                "identity_api": "",
                "idp_initiated": [],
                "import_mode": false,
                "ips": [],
                "issuer": "",
                "jwks_uri": "",
                "key_id": "",
                "max_groups_to_retrieve": "",
                "messaging_service_sid": "",
                "mfa": [
                  {
                    "active": true,
                    "return_enroll_settings": true
                  }
                ],
                "name": "",
                "non_persistent_attrs": [],
                "password_complexity_options": [],
                "password_dictionary": [],
                "password_history": [],
                "password_no_personal_info": [],
                "password_policy": "good",
                "protocol_binding": "",
                "provider": "",
                "request_template": "",
                "requires_username": false,
                "scopes": [],
                "scripts": {},
                "set_user_root_attributes": "",
                "should_trust_email_verified_connection": "",
                "sign_in_endpoint": "",
                "sign_out_endpoint": "",
                "sign_saml_request": false,
                "signature_algorithm": "",
                "signing_cert": "",
                "strategy_version": 0,
                "subject": "",
                "syntax": "",
                "team_id": "",
                "template": "",
                "tenant_domain": "",
                "token_endpoint": "",
                "totp": [],
                "twilio_sid": "",
                "twilio_token": "",
                "type": "",
                "use_cert_auth": false,
                "use_kerberos": false,
                "use_wsfed": false,
                "user_id_attribute": "",
                "userinfo_endpoint": "",
                "validation": [],
                "waad_common_endpoint": false,
                "waad_protocol": ""
              }
            ],
            "realms": [
              "custom-branding-user-db"
            ],
            "show_as_button": null,
            "strategy": "auth0",
            "strategy_version": null,
            "validation": null
          },
          "sensitive_attributes": [],
          "private": "eyJzY2hlbWFfdmVyc2lvbiI6IjIifQ==",
          "dependencies": [
            "auth0_client.mars-app",
            "auth0_client.moon-app"
          ]
        }
      ]
    },
    {
      "mode": "managed",
      "type": "docker_container",
      "name": "mars-app",
      "provider": "provider[\"registry.terraform.io/kreuzwerker/docker\"]",
      "instances": [
        {
          "schema_version": 2,
          "attributes": {
            "attach": false,
            "bridge": "",
            "capabilities": [],
            "command": [
              "yarn",
              "start"
            ],
            "container_logs": null,
            "cpu_set": "",
            "cpu_shares": 0,
            "destroy_grace_seconds": null,
            "devices": [],
            "dns": [],
            "dns_opts": [],
            "dns_search": [],
            "domainname": "",
            "entrypoint": [
              "docker-entrypoint.sh"
            ],
            "env": [
              "AUTH0_CLIENT_ID=TOaqZCEydTFiJnKy3y76acs1Rbt9tp14",
              "AUTH0_CLIENT_SECRET=6OICwqTwDlZYNT99DbloA__Rl04dpOsx80mZe3QLn4t-oqKTtttaKZsmFf9qpw1q"
            ],
            "exit_code": null,
            "gateway": "172.17.0.1",
            "group_add": [],
            "healthcheck": [],
            "host": [],
            "hostname": "ec421413d3f5",
            "id": "ec421413d3f58eca4b593ae052a68749d9db17e6c7db2bfd2e76c40ca0af6bc4",
            "image": "sha256:ac4aae0dfae9819fb86ed9263143b39d9cb03bd32407c7e163d68f6c08602900",
            "init": false,
            "ip_address": "172.17.0.2",
            "ip_prefix_length": 16,
            "ipc_mode": "private",
            "labels": [],
            "links": [],
            "log_driver": "json-file",
            "log_opts": {},
            "logs": false,
            "max_retry_count": 0,
            "memory": 0,
            "memory_swap": 0,
            "mounts": [],
            "must_run": true,
            "name": "mars-app",
            "network_alias": null,
            "network_data": [
              {
                "gateway": "172.17.0.1",
                "global_ipv6_address": "",
                "global_ipv6_prefix_length": 0,
                "ip_address": "172.17.0.2",
                "ip_prefix_length": 16,
                "ipv6_gateway": "",
                "network_name": "bridge"
              }
            ],
            "network_mode": "default",
            "networks": null,
            "networks_advanced": [],
            "pid_mode": "",
            "ports": [
              {
                "external": 3001,
                "internal": 3001,
                "ip": "0.0.0.0",
                "protocol": "tcp"
              }
            ],
            "privileged": false,
            "publish_all_ports": false,
            "read_only": false,
            "remove_volumes": true,
            "restart": "no",
            "rm": false,
            "security_opts": [],
            "shm_size": 64,
            "start": true,
            "stdin_open": false,
            "sysctls": {},
            "tmpfs": {},
            "tty": false,
            "ulimit": [],
            "upload": [],
            "user": "nextjs",
            "userns_mode": "",
            "volumes": [],
            "working_dir": "/app"
          },
          "sensitive_attributes": [
            [
              {
                "type": "get_attr",
                "value": "env"
              }
            ]
          ],
          "private": "eyJzY2hlbWFfdmVyc2lvbiI6IjIifQ==",
          "dependencies": [
            "auth0_client.mars-app",
            "docker_image.mars-app"
          ]
        }
      ]
    },
    {
      "mode": "managed",
      "type": "docker_container",
      "name": "moon-app",
      "provider": "provider[\"registry.terraform.io/kreuzwerker/docker\"]",
      "instances": [
        {
          "schema_version": 2,
          "attributes": {
            "attach": false,
            "bridge": "",
            "capabilities": [],
            "command": [
              "yarn",
              "start"
            ],
            "container_logs": null,
            "cpu_set": "",
            "cpu_shares": 0,
            "destroy_grace_seconds": null,
            "devices": [],
            "dns": [],
            "dns_opts": [],
            "dns_search": [],
            "domainname": "",
            "entrypoint": [
              "docker-entrypoint.sh"
            ],
            "env": [
              "AUTH0_CLIENT_ID=JQW5EVFSolxhxBlFNvZiVANL7Gi3JxQq",
              "AUTH0_CLIENT_SECRET=9GtrUB24anblA0fD08FTOo-ae5WLtuxVTHbqOatqkXv3uTetqQV4HgNFK2rrF9UB"
            ],
            "exit_code": null,
            "gateway": "172.17.0.1",
            "group_add": [],
            "healthcheck": [],
            "host": [],
            "hostname": "107f60995e78",
            "id": "107f60995e784461329a8256868a0b602ce5d874d3a79ea2824efa027e91e51f",
            "image": "sha256:ff09f2221edc2afdcb8732bf709cd13deb1b12db9a2d1375ddb7c988e393eef8",
            "init": false,
            "ip_address": "172.17.0.3",
            "ip_prefix_length": 16,
            "ipc_mode": "private",
            "labels": [],
            "links": [],
            "log_driver": "json-file",
            "log_opts": {},
            "logs": false,
            "max_retry_count": 0,
            "memory": 0,
            "memory_swap": 0,
            "mounts": [],
            "must_run": true,
            "name": "moon-app",
            "network_alias": null,
            "network_data": [
              {
                "gateway": "172.17.0.1",
                "global_ipv6_address": "",
                "global_ipv6_prefix_length": 0,
                "ip_address": "172.17.0.3",
                "ip_prefix_length": 16,
                "ipv6_gateway": "",
                "network_name": "bridge"
              }
            ],
            "network_mode": "default",
            "networks": null,
            "networks_advanced": [],
            "pid_mode": "",
            "ports": [
              {
                "external": 3000,
                "internal": 3000,
                "ip": "0.0.0.0",
                "protocol": "tcp"
              }
            ],
            "privileged": false,
            "publish_all_ports": false,
            "read_only": false,
            "remove_volumes": true,
            "restart": "no",
            "rm": false,
            "security_opts": [],
            "shm_size": 64,
            "start": true,
            "stdin_open": false,
            "sysctls": {},
            "tmpfs": {},
            "tty": false,
            "ulimit": [],
            "upload": [],
            "user": "nextjs",
            "userns_mode": "",
            "volumes": [],
            "working_dir": "/app"
          },
          "sensitive_attributes": [
            [
              {
                "type": "get_attr",
                "value": "env"
              }
            ]
          ],
          "private": "eyJzY2hlbWFfdmVyc2lvbiI6IjIifQ==",
          "dependencies": [
            "auth0_client.moon-app",
            "docker_image.moon-app"
          ]
        }
      ]
    },
    {
      "mode": "managed",
      "type": "docker_image",
      "name": "mars-app",
      "provider": "provider[\"registry.terraform.io/kreuzwerker/docker\"]",
      "instances": [
        {
          "schema_version": 0,
          "attributes": {
            "build": [
              {
                "build_arg": {},
                "dockerfile": "Dockerfile",
                "force_remove": false,
                "label": {},
                "no_cache": false,
                "path": "./mars-app",
                "remove": true,
                "tag": [
                  "mars-app:1.0"
                ],
                "target": ""
              }
            ],
            "force_remove": null,
            "id": "sha256:ac4aae0dfae9819fb86ed9263143b39d9cb03bd32407c7e163d68f6c08602900mars-app:1.0",
            "keep_locally": null,
            "latest": "sha256:ac4aae0dfae9819fb86ed9263143b39d9cb03bd32407c7e163d68f6c08602900",
            "name": "mars-app:1.0",
            "output": null,
            "pull_trigger": null,
            "pull_triggers": null,
            "repo_digest": ""
          },
          "sensitive_attributes": [],
          "private": "bnVsbA=="
        }
      ]
    },
    {
      "mode": "managed",
      "type": "docker_image",
      "name": "moon-app",
      "provider": "provider[\"registry.terraform.io/kreuzwerker/docker\"]",
      "instances": [
        {
          "schema_version": 0,
          "attributes": {
            "build": [
              {
                "build_arg": {},
                "dockerfile": "Dockerfile",
                "force_remove": false,
                "label": {},
                "no_cache": false,
                "path": "./moon-app",
                "remove": true,
                "tag": [
                  "moon-app:1.0"
                ],
                "target": ""
              }
            ],
            "force_remove": null,
            "id": "sha256:ff09f2221edc2afdcb8732bf709cd13deb1b12db9a2d1375ddb7c988e393eef8moon-app:1.0",
            "keep_locally": null,
            "latest": "sha256:ff09f2221edc2afdcb8732bf709cd13deb1b12db9a2d1375ddb7c988e393eef8",
            "name": "moon-app:1.0",
            "output": null,
            "pull_trigger": null,
            "pull_triggers": null,
            "repo_digest": ""
          },
          "sensitive_attributes": [],
          "private": "bnVsbA=="
        }
      ]
    }
  ]
}
